{
  "name": "lecture02",
  "version": "1.0.0",
  "lockfileVersion": 3,
  "requires": true,
  "packages": {
    "": {
      "name": "lecture02",
      "version": "1.0.0",
      "license": "MIT",
      "dependencies": {
        "node-console-colors": "^1.1.5"
      }
    },
    "node_modules/node-console-colors": {
      "version": "1.1.5",
      "resolved": "https://registry.npmjs.org/node-console-colors/-/node-console-colors-1.1.5.tgz",
      "integrity": "sha512-PvndhaJGOV2vkwu8ugfOgiRkXEyu5AgTlldD3f68w9QYC44yXARQQR4STvXC6CF+ZfyeKbNoLddjR3dx8qdBEQ=="
    }
  }
}
